# This file is automatically @generated by Cargo.
# It is not intended for manual editing.
version = 4

[[package]]
name = "adler2"
version = "2.0.1"
source = "registry+https://github.com/rust-lang/crates.io-index"
checksum = "320119579fcad9c21884f5c4861d16174d0e06250625266f50fe6898340abefa"

[[package]]
name = "aho-corasick"
version = "1.1.1"
source = "registry+https://github.com/rust-lang/crates.io-index"
checksum = "ea5d730647d4fadd988536d06fecce94b7b4f2a7efdae548f1cf4b63205518ab"
dependencies = [
 "memchr",
]

[[package]]
name = "alloca"
version = "0.4.0"
source = "registry+https://github.com/rust-lang/crates.io-index"
checksum = "e5a7d05ea6aea7e9e64d25b9156ba2fee3fdd659e34e41063cd2fc7cd020d7f4"
dependencies = [
 "cc",
]

[[package]]
name = "anes"
version = "0.1.6"
source = "registry+https://github.com/rust-lang/crates.io-index"
checksum = "4b46cbb362ab8752921c97e041f5e366ee6297bd428a31275b9fcf1e380f7299"

[[package]]
name = "anstream"
version = "1.0.0"
source = "registry+https://github.com/rust-lang/crates.io-index"
checksum = "824a212faf96e9acacdbd09febd34438f8f711fb84e09a8916013cd7815ca28d"
dependencies = [
 "anstyle",
 "anstyle-parse",
 "anstyle-query",
 "anstyle-wincon",
 "colorchoice",
 "is_terminal_polyfill",
 "utf8parse",
]

[[package]]
name = "anstyle"
version = "1.0.14"
source = "registry+https://github.com/rust-lang/crates.io-index"
checksum = "940b3a0ca603d1eade50a4846a2afffd5ef57a9feac2c0e2ec2e14f9ead76000"

[[package]]
name = "anstyle-parse"
version = "1.0.0"
source = "registry+https://github.com/rust-lang/crates.io-index"
checksum = "52ce7f38b242319f7cabaa6813055467063ecdc9d355bbb4ce0c68908cd8130e"
dependencies = [
 "utf8parse",
]

[[package]]
name = "anstyle-query"
version = "1.1.5"
source = "registry+https://github.com/rust-lang/crates.io-index"
checksum = "40c48f72fd53cd289104fc64099abca73db4166ad86ea0b4341abe65af83dadc"
dependencies = [
 "windows-sys 0.61.2",
]

[[package]]
name = "anstyle-wincon"
version = "3.0.11"
source = "registry+https://github.com/rust-lang/crates.io-index"
checksum = "291e6a250ff86cd4a820112fb8898808a366d8f9f58ce16d1f538353ad55747d"
dependencies = [
 "anstyle",
 "once_cell_polyfill",
 "windows-sys 0.61.2",
]

[[package]]
name = "arbitrary"
version = "1.3.0"
source = "registry+https://github.com/rust-lang/crates.io-index"
checksum = "e2d098ff73c1ca148721f37baad5ea6a465a13f9573aba8641fbbbae8164a54e"
dependencies = [
 "derive_arbitrary",
]

[[package]]
name = "autocfg"
version = "1.1.0"
source = "registry+https://github.com/rust-lang/crates.io-index"
checksum = "d468802bab17cbc0cc575e9b053f41e72aa36bfa6b7f55e3529ffa43161b97fa"

[[package]]
name = "bit_field"
version = "0.10.2"
source = "registry+https://github.com/rust-lang/crates.io-index"
checksum = "dc827186963e592360843fb5ba4b973e145841266c1357f7180c43526f2e5b61"

[[package]]
name = "bitflags"
version = "1.3.2"
source = "registry+https://github.com/rust-lang/crates.io-index"
checksum = "bef38d45163c2f1dde094a7dfd33ccf595c92905c8f8f4fdc18d06fb1037718a"

[[package]]
name = "bitflags"
version = "2.11.1"
source = "registry+https://github.com/rust-lang/crates.io-index"
checksum = "c4512299f36f043ab09a583e57bceb5a5aab7a73db1805848e8fef3c9e8c78b3"

[[package]]
name = "bumpalo"
version = "3.14.0"
source = "registry+https://github.com/rust-lang/crates.io-index"
checksum = "7f30e7476521f6f8af1a1c4c0b8cc94f0bee37d91763d0ca2665f299b6cd8aec"

[[package]]
name = "bytemuck"
version = "1.14.0"
source = "registry+https://github.com/rust-lang/crates.io-index"
checksum = "374d28ec25809ee0e23827c2ab573d729e293f281dfe393500e7ad618baa61c6"

[[package]]
name = "byteorder"
version = "1.4.3"
source = "registry+https://github.com/rust-lang/crates.io-index"
checksum = "14c189c53d098945499cdfa7ecc63567cf3886b3332b312a5b4585d8d3a6a610"

[[package]]
name = "cast"
version = "0.3.0"
source = "registry+https://github.com/rust-lang/crates.io-index"
checksum = "37b2a672a2cb129a2e41c10b1224bb368f9f37a2b16b612598138befd7b37eb5"

[[package]]
name = "cc"
version = "1.2.62"
source = "registry+https://github.com/rust-lang/crates.io-index"
checksum = "a1dce859f0832a7d088c4f1119888ab94ef4b5d6795d1ce05afb7fe159d79f98"
dependencies = [
 "find-msvc-tools",
 "shlex",
]

[[package]]
name = "cesu8"
version = "1.1.0"
source = "registry+https://github.com/rust-lang/crates.io-index"
checksum = "6d43a04d8753f35258c91f8ec639f792891f748a1edbd759cf1dcea3382ad83c"

[[package]]
name = "cfg-if"
version = "1.0.0"
source = "registry+https://github.com/rust-lang/crates.io-index"
checksum = "baf1de4339761588bc0619e3cbc0120ee582ebb74b53b4efbf79117bd2da40fd"

[[package]]
name = "ciborium"
version = "0.2.1"
source = "registry+https://github.com/rust-lang/crates.io-index"
checksum = "effd91f6c78e5a4ace8a5d3c0b6bfaec9e2baaef55f3efc00e45fb2e477ee926"
dependencies = [
 "ciborium-io",
 "ciborium-ll",
 "serde",
]

[[package]]
name = "ciborium-io"
version = "0.2.1"
source = "registry+https://github.com/rust-lang/crates.io-index"
checksum = "cdf919175532b369853f5d5e20b26b43112613fd6fe7aee757e35f7a44642656"

[[package]]
name = "ciborium-ll"
version = "0.2.1"
source = "registry+https://github.com/rust-lang/crates.io-index"
checksum = "defaa24ecc093c77630e6c15e17c51f5e187bf35ee514f4e2d67baaa96dae22b"
dependencies = [
 "ciborium-io",
 "half 1.8.2",
]

[[package]]
name = "clap"
version = "4.6.1"
source = "registry+https://github.com/rust-lang/crates.io-index"
checksum = "1ddb117e43bbf7dacf0a4190fef4d345b9bad68dfc649cb349e7d17d28428e51"
dependencies = [
 "clap_builder",
]

[[package]]
name = "clap_builder"
version = "4.6.0"
source = "registry+https://github.com/rust-lang/crates.io-index"
checksum = "714a53001bf66416adb0e2ef5ac857140e7dc3a0c48fb28b2f10762fc4b5069f"
dependencies = [
 "anstream",
 "anstyle",
 "clap_lex",
 "strsim",
]

[[package]]
name = "clap_lex"
version = "1.1.0"
source = "registry+https://github.com/rust-lang/crates.io-index"
checksum = "c8d4a3bb8b1e0c1050499d1815f5ab16d04f0959b233085fb31653fbfc9d98f9"

[[package]]
name = "color_quant"
version = "1.1.0"
source = "registry+https://github.com/rust-lang/crates.io-index"
checksum = "3d7b894f5411737b7867f4827955924d7c254fc9f4d91a6aad6b097804b1018b"

[[package]]
name = "colorchoice"
version = "1.0.5"
source = "registry+https://github.com/rust-lang/crates.io-index"
checksum = "1d07550c9036bf2ae0c684c4297d503f838287c83c53686d05370d0e139ae570"

[[package]]
name = "crc32fast"
version = "1.3.2"
source = "registry+https://github.com/rust-lang/crates.io-index"
checksum = "b540bd8bc810d3885c6ea91e2018302f68baba2129ab3e88f32389ee9370880d"
dependencies = [
 "cfg-if",
]

[[package]]
name = "criterion"
version = "0.8.2"
source = "registry+https://github.com/rust-lang/crates.io-index"
checksum = "950046b2aa2492f9a536f5f4f9a3de7b9e2476e575e05bd6c333371add4d98f3"
dependencies = [
 "alloca",
 "anes",
 "cast",
 "ciborium",
 "clap",
 "criterion-plot",
 "itertools",
 "num-traits",
 "oorandom",
 "page_size",
 "plotters",
 "rayon",
 "regex",
 "serde",
 "serde_json",
 "tinytemplate",
 "walkdir",
]

[[package]]
name = "criterion-plot"
version = "0.8.2"
source = "registry+https://github.com/rust-lang/crates.io-index"
checksum = "d8d80a2f4f5b554395e47b5d8305bc3d27813bacb73493eb1001e8f76dae29ea"
dependencies = [
 "cast",
 "itertools",
]

[[package]]
name = "crossbeam-deque"
version = "0.8.3"
source = "registry+https://github.com/rust-lang/crates.io-index"
checksum = "ce6fd6f855243022dcecf8702fef0c297d4338e226845fe067f6341ad9fa0cef"
dependencies = [
 "cfg-if",
 "crossbeam-epoch",
 "crossbeam-utils",
]

[[package]]
name = "crossbeam-epoch"
version = "0.9.15"
source = "registry+https://github.com/rust-lang/crates.io-index"
checksum = "ae211234986c545741a7dc064309f67ee1e5ad243d0e48335adc0484d960bcc7"
dependencies = [
 "autocfg",
 "cfg-if",
 "crossbeam-utils",
 "memoffset",
 "scopeguard",
]

[[package]]
name = "crossbeam-utils"
version = "0.8.16"
source = "registry+https://github.com/rust-lang/crates.io-index"
checksum = "5a22b2d63d4d1dc0b7f1b6b2747dd0088008a9be28b6ddf0b1e7d335e3037294"
dependencies = [
 "cfg-if",
]

[[package]]
name = "crunchy"
version = "0.2.4"
source = "registry+https://github.com/rust-lang/crates.io-index"
checksum = "460fbee9c2c2f33933d720630a6a0bac33ba7053db5344fac858d4b8952d77d5"

[[package]]
name = "derive_arbitrary"
version = "1.3.1"
source = "registry+https://github.com/rust-lang/crates.io-index"
checksum = "53e0efad4403bfc52dc201159c4b842a246a14b98c64b55dfd0f2d89729dfeb8"
dependencies = [
 "proc-macro2",
 "quote",
 "syn 2.0.117",
]

[[package]]
name = "either"
version = "1.9.0"
source = "registry+https://github.com/rust-lang/crates.io-index"
checksum = "a26ae43d7bcc3b814de94796a5e736d4029efb0ee900c12e2d54c993ad1a1e07"

[[package]]
name = "env_filter"
version = "1.0.1"
source = "registry+https://github.com/rust-lang/crates.io-index"
checksum = "32e90c2accc4b07a8456ea0debdc2e7587bdd890680d71173a15d4ae604f6eef"
dependencies = [
 "log",
 "regex",
]

[[package]]
name = "env_logger"
version = "0.11.10"
source = "registry+https://github.com/rust-lang/crates.io-index"
checksum = "0621c04f2196ac3f488dd583365b9c09be011a4ab8b9f37248ffcc8f6198b56a"
dependencies = [
 "anstream",
 "anstyle",
 "env_filter",
 "jiff",
 "log",
]

[[package]]
name = "equivalent"
version = "1.0.1"
source = "registry+https://github.com/rust-lang/crates.io-index"
checksum = "5443807d6dff69373d433ab9ef5378ad8df50ca6298caf15de6e52e24aaf54d5"

[[package]]
name = "errno"
version = "0.3.14"
source = "registry+https://github.com/rust-lang/crates.io-index"
checksum = "39cab71617ae0d63f51a36d69f866391735b51691dbda63cf6f96d042b63efeb"
dependencies = [
 "libc",
 "windows-sys 0.61.2",
]

[[package]]
name = "exr"
version = "1.74.0"
source = "registry+https://github.com/rust-lang/crates.io-index"
checksum = "4300e043a56aa2cb633c01af81ca8f699a321879a7854d3896a0ba89056363be"
dependencies = [
 "bit_field",
 "half 2.7.1",
 "lebe",
 "miniz_oxide",
 "rayon-core",
 "smallvec",
 "zune-inflate",
]

[[package]]
name = "fastanvil"
version = "0.32.0"
dependencies = [
 "bit_field",
 "byteorder",
 "criterion",
 "fastnbt 2.6.2",
 "flate2",
 "image",
 "log",
 "lz4-java-wrc",
 "num_enum",
 "once_cell",
 "serde",
 "serde_json",
 "tar",
]

[[package]]
name = "fastnbt"
version = "2.4.4"
source = "registry+https://github.com/rust-lang/crates.io-index"
checksum = "3369bd70629bccfda7e344883c9ae3ab7f3b10a357bcf8b0f69caa7256bcf188"
dependencies = [
 "byteorder",
 "cesu8",
 "serde",
 "serde_bytes",
]

[[package]]
name = "fastnbt"
version = "2.6.2"
dependencies = [
 "arbitrary",
 "byteorder",
 "cesu8",
 "flate2",
 "serde",
 "serde_bytes",
 "serde_json",
]

[[package]]
name = "fastnbt-tools"
version = "0.27.0"
dependencies = [
 "clap",
 "env_logger",
 "fastanvil",
 "fastnbt 2.6.2",
 "fastsnbt",
 "flate2",
 "image",
 "log",
 "rayon",
 "regex",
 "serde",
 "serde_json",
 "tar",
]

[[package]]
name = "fastsnbt"
version = "0.2.1"
dependencies = [
 "byteorder",
 "fastnbt 2.4.4",
 "itoa",
 "nom",
 "ryu",
 "serde",
]

[[package]]
name = "fdeflate"
version = "0.3.7"
source = "registry+https://github.com/rust-lang/crates.io-index"
checksum = "1e6853b52649d4ac5c0bd02320cddc5ba956bdb407c4b75a2c6b75bf51500f8c"
dependencies = [
 "simd-adler32",
]

[[package]]
name = "filetime"
version = "0.2.22"
source = "registry+https://github.com/rust-lang/crates.io-index"
checksum = "d4029edd3e734da6fe05b6cd7bd2960760a616bd2ddd0d59a0124746d6272af0"
dependencies = [
 "cfg-if",
 "libc",
 "redox_syscall",
 "windows-sys 0.48.0",
]

[[package]]
name = "find-msvc-tools"
version = "0.1.9"
source = "registry+https://github.com/rust-lang/crates.io-index"
checksum = "5baebc0774151f905a1a2cc41989300b1e6fbb29aff0ceffa1064fdd3088d582"

[[package]]
name = "flate2"
version = "1.1.9"
source = "registry+https://github.com/rust-lang/crates.io-index"
checksum = "843fba2746e448b37e26a819579957415c8cef339bf08564fe8b7ddbd959573c"
dependencies = [
 "crc32fast",
 "miniz_oxide",
]

[[package]]
name = "gif"
version = "0.13.3"
source = "registry+https://github.com/rust-lang/crates.io-index"
checksum = "4ae047235e33e2829703574b54fdec96bfbad892062d97fed2f76022287de61b"
dependencies = [
 "color_quant",
 "weezl",
]

[[package]]
name = "half"
version = "1.8.2"
source = "registry+https://github.com/rust-lang/crates.io-index"
checksum = "eabb4a44450da02c90444cf74558da904edde8fb4e9035a9a6a4e15445af0bd7"

[[package]]
name = "half"
version = "2.7.1"
source = "registry+https://github.com/rust-lang/crates.io-index"
checksum = "6ea2d84b969582b4b1864a92dc5d27cd2b77b622a8d79306834f1be5ba20d84b"
dependencies = [
 "cfg-if",
 "crunchy",
 "zerocopy",
]

[[package]]
name = "hashbrown"
version = "0.14.0"
source = "registry+https://github.com/rust-lang/crates.io-index"
checksum = "2c6201b9ff9fd90a5a3bac2e56a830d0caa509576f0e503818ee82c181b3437a"

[[package]]
name = "image"
version = "0.24.9"
source = "registry+https://github.com/rust-lang/crates.io-index"
checksum = "5690139d2f55868e080017335e4b94cb7414274c74f1669c84fb5feba2c9f69d"
dependencies = [
 "bytemuck",
 "byteorder",
 "color_quant",
 "exr",
 "gif",
 "jpeg-decoder",
 "num-traits",
 "png",
 "qoi",
 "tiff",
]

[[package]]
name = "indexmap"
version = "2.0.0"
source = "registry+https://github.com/rust-lang/crates.io-index"
checksum = "d5477fe2230a79769d8dc68e0eabf5437907c0457a5614a9e8dddb67f65eb65d"
dependencies = [
 "equivalent",
 "hashbrown",
]

[[package]]
name = "is_terminal_polyfill"
version = "1.70.2"
source = "registry+https://github.com/rust-lang/crates.io-index"
checksum = "a6cb138bb79a146c1bd460005623e142ef0181e3d0219cb493e02f7d08a35695"

[[package]]
name = "itertools"
version = "0.13.0"
source = "registry+https://github.com/rust-lang/crates.io-index"
checksum = "413ee7dfc52ee1a4949ceeb7dbc8a33f2d6c088194d9f922fb8318faf1f01186"
dependencies = [
 "either",
]

[[package]]
name = "itoa"
version = "1.0.9"
source = "registry+https://github.com/rust-lang/crates.io-index"
checksum = "af150ab688ff2122fcef229be89cb50dd66af9e01a4ff320cc137eecc9bacc38"

[[package]]
name = "jiff"
version = "0.2.24"
source = "registry+https://github.com/rust-lang/crates.io-index"
checksum = "f00b5dbd620d61dfdcb6007c9c1f6054ebd75319f163d886a9055cec1155073d"
dependencies = [
 "jiff-static",
 "log",
 "portable-atomic",
 "portable-atomic-util",
 "serde_core",
]

[[package]]
name = "jiff-static"
version = "0.2.24"
source = "registry+https://github.com/rust-lang/crates.io-index"
checksum = "e000de030ff8022ea1da3f466fbb0f3a809f5e51ed31f6dd931c35181ad8e6d7"
dependencies = [
 "proc-macro2",
 "quote",
 "syn 2.0.117",
]

[[package]]
name = "jpeg-decoder"
version = "0.3.2"
source = "registry+https://github.com/rust-lang/crates.io-index"
checksum = "00810f1d8b74be64b13dbf3db89ac67740615d6c891f0e7b6179326533011a07"
dependencies = [
 "rayon",
]

[[package]]
name = "js-sys"
version = "0.3.64"
source = "registry+https://github.com/rust-lang/crates.io-index"
checksum = "c5f195fe497f702db0f318b07fdd68edb16955aed830df8363d837542f8f935a"
dependencies = [
 "wasm-bindgen",
]

[[package]]
name = "lebe"
version = "0.5.3"
source = "registry+https://github.com/rust-lang/crates.io-index"
checksum = "7a79a3332a6609480d7d0c9eab957bca6b455b91bb84e66d19f5ff66294b85b8"

[[package]]
name = "libc"
version = "0.2.186"
source = "registry+https://github.com/rust-lang/crates.io-index"
checksum = "68ab91017fe16c622486840e4c83c9a37afeff978bd239b5293d61ece587de66"

[[package]]
name = "linux-raw-sys"
version = "0.12.1"
source = "registry+https://github.com/rust-lang/crates.io-index"
checksum = "32a66949e030da00e8c7d4434b251670a91556f4144941d37452769c25d58a53"

[[package]]
name = "log"
version = "0.4.29"
source = "registry+https://github.com/rust-lang/crates.io-index"
checksum = "5e5032e24019045c762d3c0f28f5b6b8bbf38563a65908389bf7978758920897"

[[package]]
name = "lz4-java-wrc"
version = "0.2.0"
source = "registry+https://github.com/rust-lang/crates.io-index"
checksum = "3ed1c11dbd317fa5d0508cbb5ce47696bb27771e3c9604428e0e98c7c3d76d0d"
dependencies = [
 "lz4_flex",
 "twox-hash",
]

[[package]]
name = "lz4_flex"
version = "0.11.6"
source = "registry+https://github.com/rust-lang/crates.io-index"
checksum = "373f5eceeeab7925e0c1098212f2fbc4d416adec9d35051a6ab251e824c1854a"

[[package]]
name = "memchr"
version = "2.6.3"
source = "registry+https://github.com/rust-lang/crates.io-index"
checksum = "8f232d6ef707e1956a43342693d2a31e72989554d58299d7a88738cc95b0d35c"

[[package]]
name = "memoffset"
version = "0.9.0"
source = "registry+https://github.com/rust-lang/crates.io-index"
checksum = "5a634b1c61a95585bd15607c6ab0c4e5b226e695ff2800ba0cdccddf208c406c"
dependencies = [
 "autocfg",
]

[[package]]
name = "minimal-lexical"
version = "0.2.1"
source = "registry+https://github.com/rust-lang/crates.io-index"
checksum = "68354c5c6bd36d73ff3feceb05efa59b6acb7626617f4962be322a825e61f79a"

[[package]]
name = "miniz_oxide"
version = "0.8.9"
source = "registry+https://github.com/rust-lang/crates.io-index"
checksum = "1fa76a2c86f704bdb222d66965fb3d63269ce38518b83cb0575fca855ebb6316"
dependencies = [
 "adler2",
 "simd-adler32",
]

[[package]]
name = "nom"
version = "7.1.3"
source = "registry+https://github.com/rust-lang/crates.io-index"
checksum = "d273983c5a657a70a3e8f2a01329822f3b8c8172b73826411a55751e404a0a4a"
dependencies = [
 "memchr",
 "minimal-lexical",
]

[[package]]
name = "num-traits"
version = "0.2.16"
source = "registry+https://github.com/rust-lang/crates.io-index"
checksum = "f30b0abd723be7e2ffca1272140fac1a2f084c77ec3e123c192b66af1ee9e6c2"
dependencies = [
 "autocfg",
]

[[package]]
name = "num_enum"
version = "0.5.11"
source = "registry+https://github.com/rust-lang/crates.io-index"
checksum = "1f646caf906c20226733ed5b1374287eb97e3c2a5c227ce668c1f2ce20ae57c9"
dependencies = [
 "num_enum_derive",
]

[[package]]
name = "num_enum_derive"
version = "0.5.11"
source = "registry+https://github.com/rust-lang/crates.io-index"
checksum = "dcbff9bc912032c62bf65ef1d5aea88983b420f4f839db1e9b0c281a25c9c799"
dependencies = [
 "proc-macro-crate",
 "proc-macro2",
 "quote",
 "syn 1.0.109",
]

[[package]]
name = "once_cell"
version = "1.18.0"
source = "registry+https://github.com/rust-lang/crates.io-index"
checksum = "dd8b5dd2ae5ed71462c540258bedcb51965123ad7e7ccf4b9a8cafaa4a63576d"

[[package]]
name = "once_cell_polyfill"
version = "1.70.2"
source = "registry+https://github.com/rust-lang/crates.io-index"
checksum = "384b8ab6d37215f3c5301a95a4accb5d64aa607f1fcb26a11b5303878451b4fe"

[[package]]
name = "oorandom"
version = "11.1.3"
source = "registry+https://github.com/rust-lang/crates.io-index"
checksum = "0ab1bc2a289d34bd04a330323ac98a1b4bc82c9d9fcb1e66b63caa84da26b575"

[[package]]
name = "page_size"
version = "0.6.0"
source = "registry+https://github.com/rust-lang/crates.io-index"
checksum = "30d5b2194ed13191c1999ae0704b7839fb18384fa22e49b57eeaa97d79ce40da"
dependencies = [
 "libc",
 "winapi",
]

[[package]]
name = "plotters"
version = "0.3.5"
source = "registry+https://github.com/rust-lang/crates.io-index"
checksum = "d2c224ba00d7cadd4d5c660deaf2098e5e80e07846537c51f9cfa4be50c1fd45"
dependencies = [
 "num-traits",
 "plotters-backend",
 "plotters-svg",
 "wasm-bindgen",
 "web-sys",
]

[[package]]
name = "plotters-backend"
version = "0.3.5"
source = "registry+https://github.com/rust-lang/crates.io-index"
checksum = "9e76628b4d3a7581389a35d5b6e2139607ad7c75b17aed325f210aa91f4a9609"

[[package]]
name = "plotters-svg"
version = "0.3.5"
source = "registry+https://github.com/rust-lang/crates.io-index"
checksum = "38f6d39893cca0701371e3c27294f09797214b86f1fb951b89ade8ec04e2abab"
dependencies = [
 "plotters-backend",
]

[[package]]
name = "png"
version = "0.17.16"
source = "registry+https://github.com/rust-lang/crates.io-index"
checksum = "82151a2fc869e011c153adc57cf2789ccb8d9906ce52c0b39a6b5697749d7526"
dependencies = [
 "bitflags 1.3.2",
 "crc32fast",
 "fdeflate",
 "flate2",
 "miniz_oxide",
]

[[package]]
name = "portable-atomic"
version = "1.13.1"
source = "registry+https://github.com/rust-lang/crates.io-index"
checksum = "c33a9471896f1c69cecef8d20cbe2f7accd12527ce60845ff44c153bb2a21b49"

[[package]]
name = "portable-atomic-util"
version = "0.2.7"
source = "registry+https://github.com/rust-lang/crates.io-index"
checksum = "c2a106d1259c23fac8e543272398ae0e3c0b8d33c88ed73d0cc71b0f1d902618"
dependencies = [
 "portable-atomic",
]

[[package]]
name = "proc-macro-crate"
version = "1.3.1"
source = "registry+https://github.com/rust-lang/crates.io-index"
checksum = "7f4c021e1093a56626774e81216a4ce732a735e5bad4868a03f3ed65ca0c3919"
dependencies = [
 "once_cell",
 "toml_edit",
]

[[package]]
name = "proc-macro2"
version = "1.0.106"
source = "registry+https://github.com/rust-lang/crates.io-index"
checksum = "8fd00f0bb2e90d81d1044c2b32617f68fcb9fa3bb7640c23e9c748e53fb30934"
dependencies = [
 "unicode-ident",
]

[[package]]
name = "qoi"
version = "0.4.1"
source = "registry+https://github.com/rust-lang/crates.io-index"
checksum = "7f6d64c71eb498fe9eae14ce4ec935c555749aef511cca85b5568910d6e48001"
dependencies = [
 "bytemuck",
]

[[package]]
name = "quote"
version = "1.0.45"
source = "registry+https://github.com/rust-lang/crates.io-index"
checksum = "41f2619966050689382d2b44f664f4bc593e129785a36d6ee376ddf37259b924"
dependencies = [
 "proc-macro2",
]

[[package]]
name = "rayon"
version = "1.8.0"
source = "registry+https://github.com/rust-lang/crates.io-index"
checksum = "9c27db03db7734835b3f53954b534c91069375ce6ccaa2e065441e07d9b6cdb1"
dependencies = [
 "either",
 "rayon-core",
]

[[package]]
name = "rayon-core"
version = "1.12.0"
source = "registry+https://github.com/rust-lang/crates.io-index"
checksum = "5ce3fb6ad83f861aac485e76e1985cd109d9a3713802152be56c3b1f0e0658ed"
dependencies = [
 "crossbeam-deque",
 "crossbeam-utils",
]

[[package]]
name = "redox_syscall"
version = "0.3.5"
source = "registry+https://github.com/rust-lang/crates.io-index"
checksum = "567664f262709473930a4bf9e51bf2ebf3348f2e748ccc50dea20646858f8f29"
dependencies = [
 "bitflags 1.3.2",
]

[[package]]
name = "regex"
version = "1.12.3"
source = "registry+https://github.com/rust-lang/crates.io-index"
checksum = "e10754a14b9137dd7b1e3e5b0493cc9171fdd105e0ab477f51b72e7f3ac0e276"
dependencies = [
 "aho-corasick",
 "memchr",
 "regex-automata",
 "regex-syntax",
]

[[package]]
name = "regex-automata"
version = "0.4.14"
source = "registry+https://github.com/rust-lang/crates.io-index"
checksum = "6e1dd4122fc1595e8162618945476892eefca7b88c52820e74af6262213cae8f"
dependencies = [
 "aho-corasick",
 "memchr",
 "regex-syntax",
]

[[package]]
name = "regex-syntax"
version = "0.8.10"
source = "registry+https://github.com/rust-lang/crates.io-index"
checksum = "dc897dd8d9e8bd1ed8cdad82b5966c3e0ecae09fb1907d58efaa013543185d0a"

[[package]]
name = "rustix"
version = "1.1.4"
source = "registry+https://github.com/rust-lang/crates.io-index"
checksum = "b6fe4565b9518b83ef4f91bb47ce29620ca828bd32cb7e408f0062e9930ba190"
dependencies = [
 "bitflags 2.11.1",
 "errno",
 "libc",
 "linux-raw-sys",
 "windows-sys 0.61.2",
]

[[package]]
name = "ryu"
version = "1.0.15"
source = "registry+https://github.com/rust-lang/crates.io-index"
checksum = "1ad4cc8da4ef723ed60bced201181d83791ad433213d8c24efffda1eec85d741"

[[package]]
name = "same-file"
version = "1.0.6"
source = "registry+https://github.com/rust-lang/crates.io-index"
checksum = "93fc1dc3aaa9bfed95e02e6eadabb4baf7e3078b0bd1b4d7b6b0b68378900502"
dependencies = [
 "winapi-util",
]

[[package]]
name = "scopeguard"
version = "1.2.0"
source = "registry+https://github.com/rust-lang/crates.io-index"
checksum = "94143f37725109f92c262ed2cf5e59bce7498c01bcc1502d7b9afe439a4e9f49"

[[package]]
name = "serde"
version = "1.0.228"
source = "registry+https://github.com/rust-lang/crates.io-index"
checksum = "9a8e94ea7f378bd32cbbd37198a4a91436180c5bb472411e48b5ec2e2124ae9e"
dependencies = [
 "serde_core",
 "serde_derive",
]

[[package]]
name = "serde_bytes"
version = "0.11.12"
source = "registry+https://github.com/rust-lang/crates.io-index"
checksum = "ab33ec92f677585af6d88c65593ae2375adde54efdbf16d597f2cbc7a6d368ff"
dependencies = [
 "serde",
]

[[package]]
name = "serde_core"
version = "1.0.228"
source = "registry+https://github.com/rust-lang/crates.io-index"
checksum = "41d385c7d4ca58e59fc732af25c3983b67ac852c1a25000afe1175de458b67ad"
dependencies = [
 "serde_derive",
]

[[package]]
name = "serde_derive"
version = "1.0.228"
source = "registry+https://github.com/rust-lang/crates.io-index"
checksum = "d540f220d3187173da220f885ab66608367b6574e925011a9353e4badda91d79"
dependencies = [
 "proc-macro2",
 "quote",
 "syn 2.0.117",
]

[[package]]
name = "serde_json"
version = "1.0.107"
source = "registry+https://github.com/rust-lang/crates.io-index"
checksum = "6b420ce6e3d8bd882e9b243c6eed35dbc9a6110c9769e74b584e0d68d1f20c65"
dependencies = [
 "itoa",
 "ryu",
 "serde",
]

[[package]]
name = "shlex"
version = "1.3.0"
source = "registry+https://github.com/rust-lang/crates.io-index"
checksum = "0fda2ff0d084019ba4d7c6f371c95d8fd75ce3524c3cb8fb653a3023f6323e64"

[[package]]
name = "simd-adler32"
version = "0.3.9"
source = "registry+https://github.com/rust-lang/crates.io-index"
checksum = "703d5c7ef118737c72f1af64ad2f6f8c5e1921f818cdcb97b8fe6fc69bf66214"

[[package]]
name = "smallvec"
version = "1.15.1"
source = "registry+https://github.com/rust-lang/crates.io-index"
checksum = "67b1b7a3b5fe4f1376887184045fcf45c69e92af734b7aaddc05fb777b6fbd03"

[[package]]
name = "static_assertions"
version = "1.1.0"
source = "registry+https://github.com/rust-lang/crates.io-index"
checksum = "a2eb9349b6444b326872e140eb1cf5e7c522154d69e7a0ffb0fb81c06b37543f"

[[package]]
name = "strsim"
version = "0.11.1"
source = "registry+https://github.com/rust-lang/crates.io-index"
checksum = "7da8b5736845d9f2fcb837ea5d9e2628564b3b043a70948a3f0b778838c5fb4f"

[[package]]
name = "syn"
version = "1.0.109"
source = "registry+https://github.com/rust-lang/crates.io-index"
checksum = "72b64191b275b66ffe2469e8af2c1cfe3bafa67b529ead792a6d0160888b4237"
dependencies = [
 "proc-macro2",
 "quote",
 "unicode-ident",
]

[[package]]
name = "syn"
version = "2.0.117"
source = "registry+https://github.com/rust-lang/crates.io-index"
checksum = "e665b8803e7b1d2a727f4023456bbbbe74da67099c585258af0ad9c5013b9b99"
dependencies = [
 "proc-macro2",
 "quote",
 "unicode-ident",
]

[[package]]
name = "tar"
version = "0.4.46"
source = "registry+https://github.com/rust-lang/crates.io-index"
checksum = "3f6221d9a6003c78398e3b239969f352578258df48c8eb051caadae0015bc840"
dependencies = [
 "filetime",
 "libc",
 "xattr",
]

[[package]]
name = "tiff"
version = "0.9.1"
source = "registry+https://github.com/rust-lang/crates.io-index"
checksum = "ba1310fcea54c6a9a4fd1aad794ecc02c31682f6bfbecdf460bf19533eed1e3e"
dependencies = [
 "flate2",
 "jpeg-decoder",
 "weezl",
]

[[package]]
name = "tinytemplate"
version = "1.2.1"
source = "registry+https://github.com/rust-lang/crates.io-index"
checksum = "be4d6b5f19ff7664e8c98d03e2139cb510db9b0a60b55f8e8709b689d939b6bc"
dependencies = [
 "serde",
 "serde_json",
]

[[package]]
name = "toml_datetime"
version = "0.6.3"
source = "registry+https://github.com/rust-lang/crates.io-index"
checksum = "7cda73e2f1397b1262d6dfdcef8aafae14d1de7748d66822d3bfeeb6d03e5e4b"

[[package]]
name = "toml_edit"
version = "0.19.15"
source = "registry+https://github.com/rust-lang/crates.io-index"
checksum = "1b5bb770da30e5cbfde35a2d7b9b8a2c4b8ef89548a7a6aeab5c9a576e3e7421"
dependencies = [
 "indexmap",
 "toml_datetime",
 "winnow",
]

[[package]]
name = "twox-hash"
version = "1.6.3"
source = "registry+https://github.com/rust-lang/crates.io-index"
checksum = "97fee6b57c6a41524a810daee9286c02d7752c4253064d0b05472833a438f675"
dependencies = [
 "cfg-if",
 "static_assertions",
]

[[package]]
name = "unicode-ident"
version = "1.0.12"
source = "registry+https://github.com/rust-lang/crates.io-index"
checksum = "3354b9ac3fae1ff6755cb6db53683adb661634f67557942dea4facebec0fee4b"

[[package]]
name = "utf8parse"
version = "0.2.2"
source = "registry+https://github.com/rust-lang/crates.io-index"
checksum = "06abde3611657adf66d383f00b093d7faecc7fa57071cce2578660c9f1010821"

[[package]]
name = "walkdir"
version = "2.4.0"
source = "registry+https://github.com/rust-lang/crates.io-index"
checksum = "d71d857dc86794ca4c280d616f7da00d2dbfd8cd788846559a6813e6aa4b54ee"
dependencies = [
 "same-file",
 "winapi-util",
]

[[package]]
name = "wasm-bindgen"
version = "0.2.87"
source = "registry+https://github.com/rust-lang/crates.io-index"
checksum = "7706a72ab36d8cb1f80ffbf0e071533974a60d0a308d01a5d0375bf60499a342"
dependencies = [
 "cfg-if",
 "wasm-bindgen-macro",
]

[[package]]
name = "wasm-bindgen-backend"
version = "0.2.87"
source = "registry+https://github.com/rust-lang/crates.io-index"
checksum = "5ef2b6d3c510e9625e5fe6f509ab07d66a760f0885d858736483c32ed7809abd"
dependencies = [
 "bumpalo",
 "log",
 "once_cell",
 "proc-macro2",
 "quote",
 "syn 2.0.117",
 "wasm-bindgen-shared",
]

[[package]]
name = "wasm-bindgen-macro"
version = "0.2.87"
source = "registry+https://github.com/rust-lang/crates.io-index"
checksum = "dee495e55982a3bd48105a7b947fd2a9b4a8ae3010041b9e0faab3f9cd028f1d"
dependencies = [
 "quote",
 "wasm-bindgen-macro-support",
]

[[package]]
name = "wasm-bindgen-macro-support"
version = "0.2.87"
source = "registry+https://github.com/rust-lang/crates.io-index"
checksum = "54681b18a46765f095758388f2d0cf16eb8d4169b639ab575a8f5693af210c7b"
dependencies = [
 "proc-macro2",
 "quote",
 "syn 2.0.117",
 "wasm-bindgen-backend",
 "wasm-bindgen-shared",
]

[[package]]
name = "wasm-bindgen-shared"
version = "0.2.87"
source = "registry+https://github.com/rust-lang/crates.io-index"
checksum = "ca6ad05a4870b2bf5fe995117d3728437bd27d7cd5f06f13c17443ef369775a1"

[[package]]
name = "web-sys"
version = "0.3.64"
source = "registry+https://github.com/rust-lang/crates.io-index"
checksum = "9b85cbef8c220a6abc02aefd892dfc0fc23afb1c6a426316ec33253a3877249b"
dependencies = [
 "js-sys",
 "wasm-bindgen",
]

[[package]]
name = "weezl"
version = "0.1.12"
source = "registry+https://github.com/rust-lang/crates.io-index"
checksum = "a28ac98ddc8b9274cb41bb4d9d4d5c425b6020c50c46f25559911905610b4a88"

[[package]]
name = "winapi"
version = "0.3.9"
source = "registry+https://github.com/rust-lang/crates.io-index"
checksum = "5c839a674fcd7a98952e593242ea400abe93992746761e38641405d28b00f419"
dependencies = [
 "winapi-i686-pc-windows-gnu",
 "winapi-x86_64-pc-windows-gnu",
]

[[package]]
name = "winapi-i686-pc-windows-gnu"
version = "0.4.0"
source = "registry+https://github.com/rust-lang/crates.io-index"
checksum = "ac3b87c63620426dd9b991e5ce0329eff545bccbbb34f3be09ff6fb6ab51b7b6"

[[package]]
name = "winapi-util"
version = "0.1.6"
source = "registry+https://github.com/rust-lang/crates.io-index"
checksum = "f29e6f9198ba0d26b4c9f07dbe6f9ed633e1f3d5b8b414090084349e46a52596"
dependencies = [
 "winapi",
]

[[package]]
name = "winapi-x86_64-pc-windows-gnu"
version = "0.4.0"
source = "registry+https://github.com/rust-lang/crates.io-index"
checksum = "712e227841d057c1ee1cd2fb22fa7e5a5461ae8e48fa2ca79ec42cfc1931183f"

[[package]]
name = "windows-link"
version = "0.2.1"
source = "registry+https://github.com/rust-lang/crates.io-index"
checksum = "f0805222e57f7521d6a62e36fa9163bc891acd422f971defe97d64e70d0a4fe5"

[[package]]
name = "windows-sys"
version = "0.48.0"
source = "registry+https://github.com/rust-lang/crates.io-index"
checksum = "677d2418bec65e3338edb076e806bc1ec15693c5d0104683f2efe857f61056a9"
dependencies = [
 "windows-targets",
]

[[package]]
name = "windows-sys"
version = "0.61.2"
source = "registry+https://github.com/rust-lang/crates.io-index"
checksum = "ae137229bcbd6cdf0f7b80a31df61766145077ddf49416a728b02cb3921ff3fc"
dependencies = [
 "windows-link",
]

[[package]]
name = "windows-targets"
version = "0.48.5"
source = "registry+https://github.com/rust-lang/crates.io-index"
checksum = "9a2fa6e2155d7247be68c096456083145c183cbbbc2764150dda45a87197940c"
dependencies = [
 "windows_aarch64_gnullvm",
 "windows_aarch64_msvc",
 "windows_i686_gnu",
 "windows_i686_msvc",
 "windows_x86_64_gnu",
 "windows_x86_64_gnullvm",
 "windows_x86_64_msvc",
]

[[package]]
name = "windows_aarch64_gnullvm"
version = "0.48.5"
source = "registry+https://github.com/rust-lang/crates.io-index"
checksum = "2b38e32f0abccf9987a4e3079dfb67dcd799fb61361e53e2882c3cbaf0d905d8"

[[package]]
name = "windows_aarch64_msvc"
version = "0.48.5"
source = "registry+https://github.com/rust-lang/crates.io-index"
checksum = "dc35310971f3b2dbbf3f0690a219f40e2d9afcf64f9ab7cc1be722937c26b4bc"

[[package]]
name = "windows_i686_gnu"
version = "0.48.5"
source = "registry+https://github.com/rust-lang/crates.io-index"
checksum = "a75915e7def60c94dcef72200b9a8e58e5091744960da64ec734a6c6e9b3743e"

[[package]]
name = "windows_i686_msvc"
version = "0.48.5"
source = "registry+https://github.com/rust-lang/crates.io-index"
checksum = "8f55c233f70c4b27f66c523580f78f1004e8b5a8b659e05a4eb49d4166cca406"

[[package]]
name = "windows_x86_64_gnu"
version = "0.48.5"
source = "registry+https://github.com/rust-lang/crates.io-index"
checksum = "53d40abd2583d23e4718fddf1ebec84dbff8381c07cae67ff7768bbf19c6718e"

[[package]]
name = "windows_x86_64_gnullvm"
version = "0.48.5"
source = "registry+https://github.com/rust-lang/crates.io-index"
checksum = "0b7b52767868a23d5bab768e390dc5f5c55825b6d30b86c844ff2dc7414044cc"

[[package]]
name = "windows_x86_64_msvc"
version = "0.48.5"
source = "registry+https://github.com/rust-lang/crates.io-index"
checksum = "ed94fce61571a4006852b7389a063ab983c02eb1bb37b47f8272ce92d06d9538"

[[package]]
name = "winnow"
version = "0.5.15"
source = "registry+https://github.com/rust-lang/crates.io-index"
checksum = "7c2e3184b9c4e92ad5167ca73039d0c42476302ab603e2fec4487511f38ccefc"
dependencies = [
 "memchr",
]

[[package]]
name = "xattr"
version = "1.6.1"
source = "registry+https://github.com/rust-lang/crates.io-index"
checksum = "32e45ad4206f6d2479085147f02bc2ef834ac85886624a23575ae137c8aa8156"
dependencies = [
 "libc",
 "rustix",
]

[[package]]
name = "zerocopy"
version = "0.8.48"
source = "registry+https://github.com/rust-lang/crates.io-index"
checksum = "eed437bf9d6692032087e337407a86f04cd8d6a16a37199ed57949d415bd68e9"
dependencies = [
 "zerocopy-derive",
]

[[package]]
name = "zerocopy-derive"
version = "0.8.48"
source = "registry+https://github.com/rust-lang/crates.io-index"
checksum = "70e3cd084b1788766f53af483dd21f93881ff30d7320490ec3ef7526d203bad4"
dependencies = [
 "proc-macro2",
 "quote",
 "syn 2.0.117",
]

[[package]]
name = "zune-inflate"
version = "0.2.54"
source = "registry+https://github.com/rust-lang/crates.io-index"
checksum = "73ab332fe2f6680068f3582b16a24f90ad7096d5d39b974d1c0aff0125116f02"
dependencies = [
 "simd-adler32",
]
