# This file is automatically @generated by Cargo.
# It is not intended for manual editing.
[[package]]
name = "adler32"
version = "1.0.4"
source = "registry+https://github.com/rust-lang/crates.io-index"
checksum = "5d2e7343e7fc9de883d1b0341e0b13970f764c14101234857d2ddafa1cb1cac2"

[[package]]
name = "ansi_term"
version = "0.11.0"
source = "registry+https://github.com/rust-lang/crates.io-index"
checksum = "ee49baf6cb617b853aa8d93bf420db2383fab46d314482ca2803b40d5fde979b"
dependencies = [
 "winapi",
]

[[package]]
name = "anvil-wasm"
version = "0.1.0"
dependencies = [
 "base64",
 "console_error_panic_hook",
 "fastanvil",
 "fastnbt",
 "image",
 "serde_json",
 "wasm-bindgen",
 "wasm-bindgen-test",
]

[[package]]
name = "atty"
version = "0.2.14"
source = "registry+https://github.com/rust-lang/crates.io-index"
checksum = "d9b39be18770d11421cdb1b9947a45dd3f37e93092cbf377614828a319d5fee8"
dependencies = [
 "hermit-abi",
 "libc",
 "winapi",
]

[[package]]
name = "autocfg"
version = "1.0.0"
source = "registry+https://github.com/rust-lang/crates.io-index"
checksum = "f8aac770f1885fd7e387acedd76065302551364496e46b3dd00860b2f8359b9d"

[[package]]
name = "base64"
version = "0.13.0"
source = "registry+https://github.com/rust-lang/crates.io-index"
checksum = "904dfeac50f3cdaba28fc6f57fdcddb75f49ed61346676a78c4ffe55877802fd"

[[package]]
name = "bit_field"
version = "0.10.0"
source = "registry+https://github.com/rust-lang/crates.io-index"
checksum = "a165d606cf084741d4ac3a28fb6e9b1eb0bd31f6cd999098cfddb0b2ab381dc0"

[[package]]
name = "bitflags"
version = "1.2.1"
source = "registry+https://github.com/rust-lang/crates.io-index"
checksum = "cf1de2fe8c75bc145a2f577add951f8134889b4795d47466a54a5c846d691693"

[[package]]
name = "bumpalo"
version = "3.4.0"
source = "registry+https://github.com/rust-lang/crates.io-index"
checksum = "2e8c087f005730276d1096a652e92a8bacee2e2472bcc9715a74d2bec38b5820"

[[package]]
name = "bytemuck"
version = "1.2.0"
source = "registry+https://github.com/rust-lang/crates.io-index"
checksum = "37fa13df2292ecb479ec23aa06f4507928bef07839be9ef15281411076629431"

[[package]]
name = "byteorder"
version = "1.3.4"
source = "registry+https://github.com/rust-lang/crates.io-index"
checksum = "08c48aae112d48ed9f069b33538ea9e3e90aa263cfa3d1c24309612b1f7472de"

[[package]]
name = "cfg-if"
version = "0.1.10"
source = "registry+https://github.com/rust-lang/crates.io-index"
checksum = "4785bdd1c96b2a846b2bd7cc02e86b6b3dbf14e7e53446c4f54c92a361040822"

[[package]]
name = "clap"
version = "2.33.1"
source = "registry+https://github.com/rust-lang/crates.io-index"
checksum = "bdfa80d47f954d53a35a64987ca1422f495b8d6483c0fe9f7117b36c2a792129"
dependencies = [
 "ansi_term",
 "atty",
 "bitflags",
 "strsim",
 "textwrap",
 "unicode-width",
 "vec_map",
]

[[package]]
name = "color_quant"
version = "1.0.1"
source = "registry+https://github.com/rust-lang/crates.io-index"
checksum = "0dbbb57365263e881e805dc77d94697c9118fd94d8da011240555aa7b23445bd"

[[package]]
name = "console_error_panic_hook"
version = "0.1.6"
source = "registry+https://github.com/rust-lang/crates.io-index"
checksum = "b8d976903543e0c48546a91908f21588a680a8c8f984df9a5d69feccb2b2a211"
dependencies = [
 "cfg-if",
 "wasm-bindgen",
]

[[package]]
name = "crc32fast"
version = "1.2.0"
source = "registry+https://github.com/rust-lang/crates.io-index"
checksum = "ba125de2af0df55319f41944744ad91c71113bf74a4646efff39afe1f6842db1"
dependencies = [
 "cfg-if",
]

[[package]]
name = "crossbeam-deque"
version = "0.7.3"
source = "registry+https://github.com/rust-lang/crates.io-index"
checksum = "9f02af974daeee82218205558e51ec8768b48cf524bd01d550abe5573a608285"
dependencies = [
 "crossbeam-epoch",
 "crossbeam-utils",
 "maybe-uninit",
]

[[package]]
name = "crossbeam-epoch"
version = "0.8.2"
source = "registry+https://github.com/rust-lang/crates.io-index"
checksum = "058ed274caafc1f60c4997b5fc07bf7dc7cca454af7c6e81edffe5f33f70dace"
dependencies = [
 "autocfg",
 "cfg-if",
 "crossbeam-utils",
 "lazy_static",
 "maybe-uninit",
 "memoffset",
 "scopeguard",
]

[[package]]
name = "crossbeam-queue"
version = "0.2.1"
source = "registry+https://github.com/rust-lang/crates.io-index"
checksum = "c695eeca1e7173472a32221542ae469b3e9aac3a4fc81f7696bcad82029493db"
dependencies = [
 "cfg-if",
 "crossbeam-utils",
]

[[package]]
name = "crossbeam-utils"
version = "0.7.2"
source = "registry+https://github.com/rust-lang/crates.io-index"
checksum = "c3c7c73a2d1e9fc0886a08b93e98eb643461230d5f1925e4036204d5f2e261a8"
dependencies = [
 "autocfg",
 "cfg-if",
 "lazy_static",
]

[[package]]
name = "deflate"
version = "0.8.4"
source = "registry+https://github.com/rust-lang/crates.io-index"
checksum = "e7e5d2a2273fed52a7f947ee55b092c4057025d7a3e04e5ecdbd25d6c3fb1bd7"
dependencies = [
 "adler32",
 "byteorder",
]

[[package]]
name = "derivative"
version = "2.1.1"
source = "registry+https://github.com/rust-lang/crates.io-index"
checksum = "cb582b60359da160a9477ee80f15c8d784c477e69c217ef2cdd4169c24ea380f"
dependencies = [
 "proc-macro2",
 "quote",
 "syn",
]

[[package]]
name = "either"
version = "1.5.3"
source = "registry+https://github.com/rust-lang/crates.io-index"
checksum = "bb1f6b1ce1c140482ea30ddd3335fc0024ac7ee112895426e0a629a6c20adfe3"

[[package]]
name = "fastanvil"
version = "0.9.0"
dependencies = [
 "byteorder",
 "fastnbt",
 "flate2",
 "image",
 "num_enum",
 "serde",
 "serde_json",
]

[[package]]
name = "fastnbt"
version = "0.9.0"
dependencies = [
 "bit_field",
 "byteorder",
 "flate2",
 "num_enum",
 "serde",
]

[[package]]
name = "fastnbt-tools"
version = "0.9.0"
dependencies = [
 "clap",
 "fastanvil",
 "fastnbt",
 "flate2",
 "image",
 "rayon",
 "serde",
 "serde_json",
 "tar",
]

[[package]]
name = "filetime"
version = "0.2.10"
source = "registry+https://github.com/rust-lang/crates.io-index"
checksum = "affc17579b132fc2461adf7c575cc6e8b134ebca52c51f5411388965227dc695"
dependencies = [
 "cfg-if",
 "libc",
 "redox_syscall",
 "winapi",
]

[[package]]
name = "flate2"
version = "1.0.14"
source = "registry+https://github.com/rust-lang/crates.io-index"
checksum = "2cfff41391129e0a856d6d822600b8d71179d46879e310417eb9c762eb178b42"
dependencies = [
 "cfg-if",
 "crc32fast",
 "libc",
 "miniz_oxide",
]

[[package]]
name = "gif"
version = "0.10.3"
source = "registry+https://github.com/rust-lang/crates.io-index"
checksum = "471d90201b3b223f3451cd4ad53e34295f16a1df17b1edf3736d47761c3981af"
dependencies = [
 "color_quant",
 "lzw",
]

[[package]]
name = "hermit-abi"
version = "0.1.13"
source = "registry+https://github.com/rust-lang/crates.io-index"
checksum = "91780f809e750b0a89f5544be56617ff6b1227ee485bcb06ebe10cdf89bd3b71"
dependencies = [
 "libc",
]

[[package]]
name = "image"
version = "0.23.4"
source = "registry+https://github.com/rust-lang/crates.io-index"
checksum = "9117f4167a8f21fa2bb3f17a652a760acd7572645281c98e3b612a26242c96ee"
dependencies = [
 "bytemuck",
 "byteorder",
 "gif",
 "jpeg-decoder",
 "num-iter",
 "num-rational",
 "num-traits",
 "png",
 "scoped_threadpool",
 "tiff",
]

[[package]]
name = "inflate"
version = "0.4.5"
source = "registry+https://github.com/rust-lang/crates.io-index"
checksum = "1cdb29978cc5797bd8dcc8e5bf7de604891df2a8dc576973d71a281e916db2ff"
dependencies = [
 "adler32",
]

[[package]]
name = "itoa"
version = "0.4.5"
source = "registry+https://github.com/rust-lang/crates.io-index"
checksum = "b8b7a7c0c47db5545ed3fef7468ee7bb5b74691498139e4b3f6a20685dc6dd8e"

[[package]]
name = "jpeg-decoder"
version = "0.1.19"
source = "registry+https://github.com/rust-lang/crates.io-index"
checksum = "5b47b4c4e017b01abdc5bcc126d2d1002e5a75bbe3ce73f9f4f311a916363704"
dependencies = [
 "byteorder",
 "rayon",
]

[[package]]
name = "js-sys"
version = "0.3.45"
source = "registry+https://github.com/rust-lang/crates.io-index"
checksum = "ca059e81d9486668f12d455a4ea6daa600bd408134cd17e3d3fb5a32d1f016f8"
dependencies = [
 "wasm-bindgen",
]

[[package]]
name = "lazy_static"
version = "1.4.0"
source = "registry+https://github.com/rust-lang/crates.io-index"
checksum = "e2abad23fbc42b3700f2f279844dc832adb2b2eb069b2df918f455c4e18cc646"

[[package]]
name = "libc"
version = "0.2.70"
source = "registry+https://github.com/rust-lang/crates.io-index"
checksum = "3baa92041a6fec78c687fa0cc2b3fae8884f743d672cf551bed1d6dac6988d0f"

[[package]]
name = "log"
version = "0.4.11"
source = "registry+https://github.com/rust-lang/crates.io-index"
checksum = "4fabed175da42fed1fa0746b0ea71f412aa9d35e76e95e59b192c64b9dc2bf8b"
dependencies = [
 "cfg-if",
]

[[package]]
name = "lzw"
version = "0.10.0"
source = "registry+https://github.com/rust-lang/crates.io-index"
checksum = "7d947cbb889ed21c2a84be6ffbaebf5b4e0f4340638cba0444907e38b56be084"

[[package]]
name = "maybe-uninit"
version = "2.0.0"
source = "registry+https://github.com/rust-lang/crates.io-index"
checksum = "60302e4db3a61da70c0cb7991976248362f30319e88850c487b9b95bbf059e00"

[[package]]
name = "memoffset"
version = "0.5.4"
source = "registry+https://github.com/rust-lang/crates.io-index"
checksum = "b4fc2c02a7e374099d4ee95a193111f72d2110197fe200272371758f6c3643d8"
dependencies = [
 "autocfg",
]

[[package]]
name = "miniz_oxide"
version = "0.3.6"
source = "registry+https://github.com/rust-lang/crates.io-index"
checksum = "aa679ff6578b1cddee93d7e82e263b94a575e0bfced07284eb0c037c1d2416a5"
dependencies = [
 "adler32",
]

[[package]]
name = "num-integer"
version = "0.1.42"
source = "registry+https://github.com/rust-lang/crates.io-index"
checksum = "3f6ea62e9d81a77cd3ee9a2a5b9b609447857f3d358704331e4ef39eb247fcba"
dependencies = [
 "autocfg",
 "num-traits",
]

[[package]]
name = "num-iter"
version = "0.1.40"
source = "registry+https://github.com/rust-lang/crates.io-index"
checksum = "dfb0800a0291891dd9f4fe7bd9c19384f98f7fbe0cd0f39a2c6b88b9868bbc00"
dependencies = [
 "autocfg",
 "num-integer",
 "num-traits",
]

[[package]]
name = "num-rational"
version = "0.2.4"
source = "registry+https://github.com/rust-lang/crates.io-index"
checksum = "5c000134b5dbf44adc5cb772486d335293351644b801551abe8f75c84cfa4aef"
dependencies = [
 "autocfg",
 "num-integer",
 "num-traits",
]

[[package]]
name = "num-traits"
version = "0.2.11"
source = "registry+https://github.com/rust-lang/crates.io-index"
checksum = "c62be47e61d1842b9170f0fdeec8eba98e60e90e5446449a0545e5152acd7096"
dependencies = [
 "autocfg",
]

[[package]]
name = "num_cpus"
version = "1.13.0"
source = "registry+https://github.com/rust-lang/crates.io-index"
checksum = "05499f3756671c15885fee9034446956fff3f243d6077b91e5767df161f766b3"
dependencies = [
 "hermit-abi",
 "libc",
]

[[package]]
name = "num_enum"
version = "0.5.0"
source = "registry+https://github.com/rust-lang/crates.io-index"
checksum = "5f1e2d7c9c4282839fc56f549bc006a54e6f28a851a7de7adcf3f50575751760"
dependencies = [
 "derivative",
 "num_enum_derive",
]

[[package]]
name = "num_enum_derive"
version = "0.5.0"
source = "registry+https://github.com/rust-lang/crates.io-index"
checksum = "4a9f19dafa80d8af21ede328f2c4ed836604a2eb1c309d688f89a7cc40568923"
dependencies = [
 "proc-macro-crate",
 "proc-macro2",
 "quote",
 "syn",
]

[[package]]
name = "png"
version = "0.16.3"
source = "registry+https://github.com/rust-lang/crates.io-index"
checksum = "2c68a431ed29933a4eb5709aca9800989758c97759345860fa5db3cfced0b65d"
dependencies = [
 "bitflags",
 "crc32fast",
 "deflate",
 "inflate",
]

[[package]]
name = "proc-macro-crate"
version = "0.1.4"
source = "registry+https://github.com/rust-lang/crates.io-index"
checksum = "e10d4b51f154c8a7fb96fd6dad097cb74b863943ec010ac94b9fd1be8861fe1e"
dependencies = [
 "toml",
]

[[package]]
name = "proc-macro2"
version = "1.0.24"
source = "registry+https://github.com/rust-lang/crates.io-index"
checksum = "1e0704ee1a7e00d7bb417d0770ea303c1bccbabf0ef1667dae92b5967f5f8a71"
dependencies = [
 "unicode-xid",
]

[[package]]
name = "quote"
version = "1.0.6"
source = "registry+https://github.com/rust-lang/crates.io-index"
checksum = "54a21852a652ad6f610c9510194f398ff6f8692e334fd1145fed931f7fbe44ea"
dependencies = [
 "proc-macro2",
]

[[package]]
name = "rayon"
version = "1.3.0"
source = "registry+https://github.com/rust-lang/crates.io-index"
checksum = "db6ce3297f9c85e16621bb8cca38a06779ffc31bb8184e1be4bed2be4678a098"
dependencies = [
 "crossbeam-deque",
 "either",
 "rayon-core",
]

[[package]]
name = "rayon-core"
version = "1.7.0"
source = "registry+https://github.com/rust-lang/crates.io-index"
checksum = "08a89b46efaf957e52b18062fb2f4660f8b8a4dde1807ca002690868ef2c85a9"
dependencies = [
 "crossbeam-deque",
 "crossbeam-queue",
 "crossbeam-utils",
 "lazy_static",
 "num_cpus",
]

[[package]]
name = "redox_syscall"
version = "0.1.56"
source = "registry+https://github.com/rust-lang/crates.io-index"
checksum = "2439c63f3f6139d1b57529d16bc3b8bb855230c8efcc5d3a896c8bea7c3b1e84"

[[package]]
name = "ryu"
version = "1.0.4"
source = "registry+https://github.com/rust-lang/crates.io-index"
checksum = "ed3d612bc64430efeb3f7ee6ef26d590dce0c43249217bddc62112540c7941e1"

[[package]]
name = "scoped-tls"
version = "1.0.0"
source = "registry+https://github.com/rust-lang/crates.io-index"
checksum = "ea6a9290e3c9cf0f18145ef7ffa62d68ee0bf5fcd651017e586dc7fd5da448c2"

[[package]]
name = "scoped_threadpool"
version = "0.1.9"
source = "registry+https://github.com/rust-lang/crates.io-index"
checksum = "1d51f5df5af43ab3f1360b429fa5e0152ac5ce8c0bd6485cae490332e96846a8"

[[package]]
name = "scopeguard"
version = "1.1.0"
source = "registry+https://github.com/rust-lang/crates.io-index"
checksum = "d29ab0c6d3fc0ee92fe66e2d99f700eab17a8d57d1c1d3b748380fb20baa78cd"

[[package]]
name = "serde"
version = "1.0.111"
source = "registry+https://github.com/rust-lang/crates.io-index"
checksum = "c9124df5b40cbd380080b2cc6ab894c040a3070d995f5c9dc77e18c34a8ae37d"
dependencies = [
 "serde_derive",
]

[[package]]
name = "serde_derive"
version = "1.0.111"
source = "registry+https://github.com/rust-lang/crates.io-index"
checksum = "3f2c3ac8e6ca1e9c80b8be1023940162bf81ae3cffbb1809474152f2ce1eb250"
dependencies = [
 "proc-macro2",
 "quote",
 "syn",
]

[[package]]
name = "serde_json"
version = "1.0.53"
source = "registry+https://github.com/rust-lang/crates.io-index"
checksum = "993948e75b189211a9b31a7528f950c6adc21f9720b6438ff80a7fa2f864cea2"
dependencies = [
 "itoa",
 "ryu",
 "serde",
]

[[package]]
name = "strsim"
version = "0.8.0"
source = "registry+https://github.com/rust-lang/crates.io-index"
checksum = "8ea5119cdb4c55b55d432abb513a0429384878c15dde60cc77b1c99de1a95a6a"

[[package]]
name = "syn"
version = "1.0.46"
source = "registry+https://github.com/rust-lang/crates.io-index"
checksum = "5ad5de3220ea04da322618ded2c42233d02baca219d6f160a3e9c87cda16c942"
dependencies = [
 "proc-macro2",
 "quote",
 "unicode-xid",
]

[[package]]
name = "tar"
version = "0.4.28"
source = "registry+https://github.com/rust-lang/crates.io-index"
checksum = "5c058ad0bd6ccb84faa24cc44d4fc99bee8a5d7ba9ff33aa4d993122d1aeeac2"
dependencies = [
 "filetime",
 "libc",
 "redox_syscall",
 "xattr",
]

[[package]]
name = "textwrap"
version = "0.11.0"
source = "registry+https://github.com/rust-lang/crates.io-index"
checksum = "d326610f408c7a4eb6f51c37c330e496b08506c9457c9d34287ecc38809fb060"
dependencies = [
 "unicode-width",
]

[[package]]
name = "tiff"
version = "0.4.0"
source = "registry+https://github.com/rust-lang/crates.io-index"
checksum = "002351e428db1eb1d8656d4ca61947c3519ac3191e1c804d4600cd32093b77ad"
dependencies = [
 "byteorder",
 "lzw",
 "miniz_oxide",
]

[[package]]
name = "toml"
version = "0.5.6"
source = "registry+https://github.com/rust-lang/crates.io-index"
checksum = "ffc92d160b1eef40665be3a05630d003936a3bc7da7421277846c2613e92c71a"
dependencies = [
 "serde",
]

[[package]]
name = "unicode-width"
version = "0.1.7"
source = "registry+https://github.com/rust-lang/crates.io-index"
checksum = "caaa9d531767d1ff2150b9332433f32a24622147e5ebb1f26409d5da67afd479"

[[package]]
name = "unicode-xid"
version = "0.2.0"
source = "registry+https://github.com/rust-lang/crates.io-index"
checksum = "826e7639553986605ec5979c7dd957c7895e93eabed50ab2ffa7f6128a75097c"

[[package]]
name = "vec_map"
version = "0.8.2"
source = "registry+https://github.com/rust-lang/crates.io-index"
checksum = "f1bddf1187be692e79c5ffeab891132dfb0f236ed36a43c7ed39f1165ee20191"

[[package]]
name = "wasm-bindgen"
version = "0.2.68"
source = "registry+https://github.com/rust-lang/crates.io-index"
checksum = "1ac64ead5ea5f05873d7c12b545865ca2b8d28adfc50a49b84770a3a97265d42"
dependencies = [
 "cfg-if",
 "wasm-bindgen-macro",
]

[[package]]
name = "wasm-bindgen-backend"
version = "0.2.68"
source = "registry+https://github.com/rust-lang/crates.io-index"
checksum = "f22b422e2a757c35a73774860af8e112bff612ce6cb604224e8e47641a9e4f68"
dependencies = [
 "bumpalo",
 "lazy_static",
 "log",
 "proc-macro2",
 "quote",
 "syn",
 "wasm-bindgen-shared",
]

[[package]]
name = "wasm-bindgen-futures"
version = "0.4.18"
source = "registry+https://github.com/rust-lang/crates.io-index"
checksum = "b7866cab0aa01de1edf8b5d7936938a7e397ee50ce24119aef3e1eaa3b6171da"
dependencies = [
 "cfg-if",
 "js-sys",
 "wasm-bindgen",
 "web-sys",
]

[[package]]
name = "wasm-bindgen-macro"
version = "0.2.68"
source = "registry+https://github.com/rust-lang/crates.io-index"
checksum = "6b13312a745c08c469f0b292dd2fcd6411dba5f7160f593da6ef69b64e407038"
dependencies = [
 "quote",
 "wasm-bindgen-macro-support",
]

[[package]]
name = "wasm-bindgen-macro-support"
version = "0.2.68"
source = "registry+https://github.com/rust-lang/crates.io-index"
checksum = "f249f06ef7ee334cc3b8ff031bfc11ec99d00f34d86da7498396dc1e3b1498fe"
dependencies = [
 "proc-macro2",
 "quote",
 "syn",
 "wasm-bindgen-backend",
 "wasm-bindgen-shared",
]

[[package]]
name = "wasm-bindgen-shared"
version = "0.2.68"
source = "registry+https://github.com/rust-lang/crates.io-index"
checksum = "1d649a3145108d7d3fbcde896a468d1bd636791823c9921135218ad89be08307"

[[package]]
name = "wasm-bindgen-test"
version = "0.3.18"
source = "registry+https://github.com/rust-lang/crates.io-index"
checksum = "34d1cdc8b98a557f24733d50a1199c4b0635e465eecba9c45b214544da197f64"
dependencies = [
 "console_error_panic_hook",
 "js-sys",
 "scoped-tls",
 "wasm-bindgen",
 "wasm-bindgen-futures",
 "wasm-bindgen-test-macro",
]

[[package]]
name = "wasm-bindgen-test-macro"
version = "0.3.18"
source = "registry+https://github.com/rust-lang/crates.io-index"
checksum = "e8fb9c67be7439ee8ab1b7db502a49c05e51e2835b66796c705134d9b8e1a585"
dependencies = [
 "proc-macro2",
 "quote",
]

[[package]]
name = "web-sys"
version = "0.3.45"
source = "registry+https://github.com/rust-lang/crates.io-index"
checksum = "4bf6ef87ad7ae8008e15a355ce696bed26012b7caa21605188cfd8214ab51e2d"
dependencies = [
 "js-sys",
 "wasm-bindgen",
]

[[package]]
name = "winapi"
version = "0.3.8"
source = "registry+https://github.com/rust-lang/crates.io-index"
checksum = "8093091eeb260906a183e6ae1abdba2ef5ef2257a21801128899c3fc699229c6"
dependencies = [
 "winapi-i686-pc-windows-gnu",
 "winapi-x86_64-pc-windows-gnu",
]

[[package]]
name = "winapi-i686-pc-windows-gnu"
version = "0.4.0"
source = "registry+https://github.com/rust-lang/crates.io-index"
checksum = "ac3b87c63620426dd9b991e5ce0329eff545bccbbb34f3be09ff6fb6ab51b7b6"

[[package]]
name = "winapi-x86_64-pc-windows-gnu"
version = "0.4.0"
source = "registry+https://github.com/rust-lang/crates.io-index"
checksum = "712e227841d057c1ee1cd2fb22fa7e5a5461ae8e48fa2ca79ec42cfc1931183f"

[[package]]
name = "xattr"
version = "0.2.2"
source = "registry+https://github.com/rust-lang/crates.io-index"
checksum = "244c3741f4240ef46274860397c7c74e50eb23624996930e484c16679633a54c"
dependencies = [
 "libc",
]
